
Microsoft Visual Studio Solution File, Format Version 12.00
# Visual Studio Version 17
VisualStudioVersion = 17.0.32014.148
MinimumVisualStudioVersion = 10.0.40219.1
Project("{9A19103F-16F7-4668-BE54-9A1E7A4F7556}") = "exercicio_1", "listaDeExercicios_2\exercicio_1.csproj", "{EC4EB282-E740-4DC6-9CEA-CD87D28C7D99}"
EndProject
Project("{FAE04EC0-301F-11D3-BF4B-00C04F79EFBC}") = "exercicio_2", "exercicio_2\exercicio_2.csproj", "{3226B5D7-2CEC-40C2-965A-F3BC451FD4FD}"
EndProject
Project("{FAE04EC0-301F-11D3-BF4B-00C04F79EFBC}") = "exercicio_3", "exercicio_3\exercicio_3.csproj", "{21A341C1-3F6A-48BB-BCC4-A86113EF0263}"
EndProject
Project("{FAE04EC0-301F-11D3-BF4B-00C04F79EFBC}") = "exercicio_4", "exercicio_4\exercicio_4.csproj", "{ADD97EB8-6376-401C-8D61-E25D3ECEBA05}"
EndProject
Global
	GlobalSection(SolutionConfigurationPlatforms) = preSolution
		Debug|Any CPU = Debug|Any CPU
		Release|Any CPU = Release|Any CPU
	EndGlobalSection
	GlobalSection(ProjectConfigurationPlatforms) = postSolution
		{EC4EB282-E740-4DC6-9CEA-CD87D28C7D99}.Debug|Any CPU.ActiveCfg = Debug|Any CPU
		{EC4EB282-E740-4DC6-9CEA-CD87D28C7D99}.Debug|Any CPU.Build.0 = Debug|Any CPU
		{EC4EB282-E740-4DC6-9CEA-CD87D28C7D99}.Release|Any CPU.ActiveCfg = Release|Any CPU
		{EC4EB282-E740-4DC6-9CEA-CD87D28C7D99}.Release|Any CPU.Build.0 = Release|Any CPU
		{3226B5D7-2CEC-40C2-965A-F3BC451FD4FD}.Debug|Any CPU.ActiveCfg = Debug|Any CPU
		{3226B5D7-2CEC-40C2-965A-F3BC451FD4FD}.Debug|Any CPU.Build.0 = Debug|Any CPU
		{3226B5D7-2CEC-40C2-965A-F3BC451FD4FD}.Release|Any CPU.ActiveCfg = Release|Any CPU
		{3226B5D7-2CEC-40C2-965A-F3BC451FD4FD}.Release|Any CPU.Build.0 = Release|Any CPU
		{21A341C1-3F6A-48BB-BCC4-A86113EF0263}.Debug|Any CPU.ActiveCfg = Debug|Any CPU
		{21A341C1-3F6A-48BB-BCC4-A86113EF0263}.Debug|Any CPU.Build.0 = Debug|Any CPU
		{21A341C1-3F6A-48BB-BCC4-A86113EF0263}.Release|Any CPU.ActiveCfg = Release|Any CPU
		{21A341C1-3F6A-48BB-BCC4-A86113EF0263}.Release|Any CPU.Build.0 = Release|Any CPU
		{ADD97EB8-6376-401C-8D61-E25D3ECEBA05}.Debug|Any CPU.ActiveCfg = Debug|Any CPU
		{ADD97EB8-6376-401C-8D61-E25D3ECEBA05}.Debug|Any CPU.Build.0 = Debug|Any CPU
		{ADD97EB8-6376-401C-8D61-E25D3ECEBA05}.Release|Any CPU.ActiveCfg = Release|Any CPU
		{ADD97EB8-6376-401C-8D61-E25D3ECEBA05}.Release|Any CPU.Build.0 = Release|Any CPU
	EndGlobalSection
	GlobalSection(SolutionProperties) = preSolution
		HideSolutionNode = FALSE
	EndGlobalSection
	GlobalSection(ExtensibilityGlobals) = postSolution
		SolutionGuid = {19F4E5B3-FF0D-4E97-9B61-B02E53DD1A13}
	EndGlobalSection
EndGlobal
